// !$*UTF8*$!
{
	archiveVersion = 1;
	classes = {
	};
	objectVersion = 56;
	objects = {

/* Begin PBXBuildFile section */
		4554760B29B7749600BFDB7D /* cameraViewControl.swift in Sources */ = {isa = PBXBuildFile; fileRef = 4554760A29B7749600BFDB7D /* cameraViewControl.swift */; };
		455C2A1429AF91F000AB94A4 /* Room.swift in Sources */ = {isa = PBXBuildFile; fileRef = 455C2A1329AF91F000AB94A4 /* Room.swift */; };
		45A8A7ED2996819400524186 /* Picture.swift in Sources */ = {isa = PBXBuildFile; fileRef = 45A8A7EC2996819400524186 /* Picture.swift */; };
		45AA5E6F29C1F42B00F69849 /* Core Data.xcdatamodeld in Sources */ = {isa = PBXBuildFile; fileRef = 45AA5E6D29C1F42B00F69849 /* Core Data.xcdatamodeld */; };
		45ADC6C329952CFD00AB76AE /* AppDelegate.swift in Sources */ = {isa = PBXBuildFile; fileRef = 45ADC6C229952CFD00AB76AE /* AppDelegate.swift */; };
		45ADC6C529952CFD00AB76AE /* SceneDelegate.swift in Sources */ = {isa = PBXBuildFile; fileRef = 45ADC6C429952CFD00AB76AE /* SceneDelegate.swift */; };
		45ADC6C729952CFD00AB76AE /* ViewController.swift in Sources */ = {isa = PBXBuildFile; fileRef = 45ADC6C629952CFD00AB76AE /* ViewController.swift */; };
		45ADC6CA29952CFD00AB76AE /* Main.storyboard in Resources */ = {isa = PBXBuildFile; fileRef = 45ADC6C829952CFD00AB76AE /* Main.storyboard */; };
		45ADC6CC29952CFF00AB76AE /* Assets.xcassets in Resources */ = {isa = PBXBuildFile; fileRef = 45ADC6CB29952CFF00AB76AE /* Assets.xcassets */; };
		45ADC6CF29952CFF00AB76AE /* LaunchScreen.storyboard in Resources */ = {isa = PBXBuildFile; fileRef = 45ADC6CD29952CFF00AB76AE /* LaunchScreen.storyboard */; };
		45ADC6DA29952CFF00AB76AE /* _60DegreePlaygroundTests.swift in Sources */ = {isa = PBXBuildFile; fileRef = 45ADC6D929952CFF00AB76AE /* _60DegreePlaygroundTests.swift */; };
		45ADC6E429952CFF00AB76AE /* _60DegreePlaygroundUITests.swift in Sources */ = {isa = PBXBuildFile; fileRef = 45ADC6E329952CFF00AB76AE /* _60DegreePlaygroundUITests.swift */; };
		45ADC6E629952CFF00AB76AE /* _60DegreePlaygroundUITestsLaunchTests.swift in Sources */ = {isa = PBXBuildFile; fileRef = 45ADC6E529952CFF00AB76AE /* _60DegreePlaygroundUITestsLaunchTests.swift */; };
		45B238BA29C3446B00378D7C /* DataPicture.swift in Sources */ = {isa = PBXBuildFile; fileRef = 45B238B929C3446B00378D7C /* DataPicture.swift */; };
/* End PBXBuildFile section */

/* Begin PBXContainerItemProxy section */
		45ADC6D629952CFF00AB76AE /* PBXContainerItemProxy */ = {
			isa = PBXContainerItemProxy;
			containerPortal = 45ADC6B729952CFD00AB76AE /* Project object */;
			proxyType = 1;
			remoteGlobalIDString = 45ADC6BE29952CFD00AB76AE;
			remoteInfo = 360DegreePlayground;
		};
		45ADC6E029952CFF00AB76AE /* PBXContainerItemProxy */ = {
			isa = PBXContainerItemProxy;
			containerPortal = 45ADC6B729952CFD00AB76AE /* Project object */;
			proxyType = 1;
			remoteGlobalIDString = 45ADC6BE29952CFD00AB76AE;
			remoteInfo = 360DegreePlayground;
		};
/* End PBXContainerItemProxy section */

/* Begin PBXFileReference section */
		4554760A29B7749600BFDB7D /* cameraViewControl.swift */ = {isa = PBXFileReference; lastKnownFileType = sourcecode.swift; path = cameraViewControl.swift; sourceTree = "<group>"; };
		455C2A1329AF91F000AB94A4 /* Room.swift */ = {isa = PBXFileReference; lastKnownFileType = sourcecode.swift; path = Room.swift; sourceTree = "<group>"; };
		45A8A7EC2996819400524186 /* Picture.swift */ = {isa = PBXFileReference; lastKnownFileType = sourcecode.swift; path = Picture.swift; sourceTree = "<group>"; };
		45AA5E6E29C1F42B00F69849 /* Core Data.xcdatamodel */ = {isa = PBXFileReference; lastKnownFileType = wrapper.xcdatamodel; path = "Core Data.xcdatamodel"; sourceTree = "<group>"; };
		45ADC6BF29952CFD00AB76AE /* 360DegreePlayground.app */ = {isa = PBXFileReference; explicitFileType = wrapper.application; includeInIndex = 0; path = 360DegreePlayground.app; sourceTree = BUILT_PRODUCTS_DIR; };
		45ADC6C229952CFD00AB76AE /* AppDelegate.swift */ = {isa = PBXFileReference; lastKnownFileType = sourcecode.swift; path = AppDelegate.swift; sourceTree = "<group>"; };
		45ADC6C429952CFD00AB76AE /* SceneDelegate.swift */ = {isa = PBXFileReference; lastKnownFileType = sourcecode.swift; path = SceneDelegate.swift; sourceTree = "<group>"; };
		45ADC6C629952CFD00AB76AE /* ViewController.swift */ = {isa = PBXFileReference; lastKnownFileType = sourcecode.swift; path = ViewController.swift; sourceTree = "<group>"; };
		45ADC6C929952CFD00AB76AE /* Base */ = {isa = PBXFileReference; lastKnownFileType = file.storyboard; name = Base; path = Base.lproj/Main.storyboard; sourceTree = "<group>"; };
		45ADC6CB29952CFF00AB76AE /* Assets.xcassets */ = {isa = PBXFileReference; lastKnownFileType = folder.assetcatalog; path = Assets.xcassets; sourceTree = "<group>"; };
		45ADC6CE29952CFF00AB76AE /* Base */ = {isa = PBXFileReference; lastKnownFileType = file.storyboard; name = Base; path = Base.lproj/LaunchScreen.storyboard; sourceTree = "<group>"; };
		45ADC6D029952CFF00AB76AE /* Info.plist */ = {isa = PBXFileReference; lastKnownFileType = text.plist.xml; path = Info.plist; sourceTree = "<group>"; };
		45ADC6D529952CFF00AB76AE /* 360DegreePlaygroundTests.xctest */ = {isa = PBXFileReference; explicitFileType = wrapper.cfbundle; includeInIndex = 0; path = 360DegreePlaygroundTests.xctest; sourceTree = BUILT_PRODUCTS_DIR; };
		45ADC6D929952CFF00AB76AE /* _60DegreePlaygroundTests.swift */ = {isa = PBXFileReference; lastKnownFileType = sourcecode.swift; path = _60DegreePlaygroundTests.swift; sourceTree = "<group>"; };
		45ADC6DF29952CFF00AB76AE /* 360DegreePlaygroundUITests.xctest */ = {isa = PBXFileReference; explicitFileType = wrapper.cfbundle; includeInIndex = 0; path = 360DegreePlaygroundUITests.xctest; sourceTree = BUILT_PRODUCTS_DIR; };
		45ADC6E329952CFF00AB76AE /* _60DegreePlaygroundUITests.swift */ = {isa = PBXFileReference; lastKnownFileType = sourcecode.swift; path = _60DegreePlaygroundUITests.swift; sourceTree = "<group>"; };
		45ADC6E529952CFF00AB76AE /* _60DegreePlaygroundUITestsLaunchTests.swift */ = {isa = PBXFileReference; lastKnownFileType = sourcecode.swift; path = _60DegreePlaygroundUITestsLaunchTests.swift; sourceTree = "<group>"; };
		45B238B929C3446B00378D7C /* DataPicture.swift */ = {isa = PBXFileReference; lastKnownFileType = sourcecode.swift; path = DataPicture.swift; sourceTree = "<group>"; };
/* End PBXFileReference section */

/* Begin PBXFrameworksBuildPhase section */
		45ADC6BC29952CFD00AB76AE /* Frameworks */ = {
			isa = PBXFrameworksBuildPhase;
			buildActionMask = 2147483647;
			files = (
			);
			runOnlyForDeploymentPostprocessing = 0;
		};
		45ADC6D229952CFF00AB76AE /* Frameworks */ = {
			isa = PBXFrameworksBuildPhase;
			buildActionMask = 2147483647;
			files = (
			);
			runOnlyForDeploymentPostprocessing = 0;
		};
		45ADC6DC29952CFF00AB76AE /* Frameworks */ = {
			isa = PBXFrameworksBuildPhase;
			buildActionMask = 2147483647;
			files = (
			);
			runOnlyForDeploymentPostprocessing = 0;
		};
/* End PBXFrameworksBuildPhase section */

/* Begin PBXGroup section */
		45ADC6B629952CFD00AB76AE = {
			isa = PBXGroup;
			children = (
				4554760A29B7749600BFDB7D /* cameraViewControl.swift */,
				45B238B929C3446B00378D7C /* DataPicture.swift */,
				455C2A1329AF91F000AB94A4 /* Room.swift */,
				45ADC6C129952CFD00AB76AE /* 360DegreePlayground */,
				45ADC6D829952CFF00AB76AE /* 360DegreePlaygroundTests */,
				45ADC6E229952CFF00AB76AE /* 360DegreePlaygroundUITests */,
				45ADC6C029952CFD00AB76AE /* Products */,
			);
			sourceTree = "<group>";
		};
		45ADC6C029952CFD00AB76AE /* Products */ = {
			isa = PBXGroup;
			children = (
				45ADC6BF29952CFD00AB76AE /* 360DegreePlayground.app */,
				45ADC6D529952CFF00AB76AE /* 360DegreePlaygroundTests.xctest */,
				45ADC6DF29952CFF00AB76AE /* 360DegreePlaygroundUITests.xctest */,
			);
			name = Products;
			sourceTree = "<group>";
		};
		45ADC6C129952CFD00AB76AE /* 360DegreePlayground */ = {
			isa = PBXGroup;
			children = (
				45ADC6C229952CFD00AB76AE /* AppDelegate.swift */,
				45ADC6C429952CFD00AB76AE /* SceneDelegate.swift */,
				45ADC6C629952CFD00AB76AE /* ViewController.swift */,
				45A8A7EC2996819400524186 /* Picture.swift */,
				45ADC6C829952CFD00AB76AE /* Main.storyboard */,
				45ADC6CB29952CFF00AB76AE /* Assets.xcassets */,
				45ADC6CD29952CFF00AB76AE /* LaunchScreen.storyboard */,
				45ADC6D029952CFF00AB76AE /* Info.plist */,
				45AA5E6D29C1F42B00F69849 /* Core Data.xcdatamodeld */,
			);
			path = 360DegreePlayground;
			sourceTree = "<group>";
		};
		45ADC6D829952CFF00AB76AE /* 360DegreePlaygroundTests */ = {
			isa = PBXGroup;
			children = (
				45ADC6D929952CFF00AB76AE /* _60DegreePlaygroundTests.swift */,
			);
			path = 360DegreePlaygroundTests;
			sourceTree = "<group>";
		};
		45ADC6E229952CFF00AB76AE /* 360DegreePlaygroundUITests */ = {
			isa = PBXGroup;
			children = (
				45ADC6E329952CFF00AB76AE /* _60DegreePlaygroundUITests.swift */,
				45ADC6E529952CFF00AB76AE /* _60DegreePlaygroundUITestsLaunchTests.swift */,
			);
			path = 360DegreePlaygroundUITests;
			sourceTree = "<group>";
		};
/* End PBXGroup section */

/* Begin PBXNativeTarget section */
		45ADC6BE29952CFD00AB76AE /* 360DegreePlayground */ = {
			isa = PBXNativeTarget;
			buildConfigurationList = 45ADC6E929952CFF00AB76AE /* Build configuration list for PBXNativeTarget "360DegreePlayground" */;
			buildPhases = (
				45ADC6BB29952CFD00AB76AE /* Sources */,
				45ADC6BC29952CFD00AB76AE /* Frameworks */,
				45ADC6BD29952CFD00AB76AE /* Resources */,
			);
			buildRules = (
			);
			dependencies = (
			);
			name = 360DegreePlayground;
			productName = 360DegreePlayground;
			productReference = 45ADC6BF29952CFD00AB76AE /* 360DegreePlayground.app */;
			productType = "com.apple.product-type.application";
		};
		45ADC6D429952CFF00AB76AE /* 360DegreePlaygroundTests */ = {
			isa = PBXNativeTarget;
			buildConfigurationList = 45ADC6EC29952CFF00AB76AE /* Build configuration list for PBXNativeTarget "360DegreePlaygroundTests" */;
			buildPhases = (
				45ADC6D129952CFF00AB76AE /* Sources */,
				45ADC6D229952CFF00AB76AE /* Frameworks */,
				45ADC6D329952CFF00AB76AE /* Resources */,
			);
			buildRules = (
			);
			dependencies = (
				45ADC6D729952CFF00AB76AE /* PBXTargetDependency */,
			);
			name = 360DegreePlaygroundTests;
			productName = 360DegreePlaygroundTests;
			productReference = 45ADC6D529952CFF00AB76AE /* 360DegreePlaygroundTests.xctest */;
			productType = "com.apple.product-type.bundle.unit-test";
		};
		45ADC6DE29952CFF00AB76AE /* 360DegreePlaygroundUITests */ = {
			isa = PBXNativeTarget;
			buildConfigurationList = 45ADC6EF29952CFF00AB76AE /* Build configuration list for PBXNativeTarget "360DegreePlaygroundUITests" */;
			buildPhases = (
				45ADC6DB29952CFF00AB76AE /* Sources */,
				45ADC6DC29952CFF00AB76AE /* Frameworks */,
				45ADC6DD29952CFF00AB76AE /* Resources */,
			);
			buildRules = (
			);
			dependencies = (
				45ADC6E129952CFF00AB76AE /* PBXTargetDependency */,
			);
			name = 360DegreePlaygroundUITests;
			productName = 360DegreePlaygroundUITests;
			productReference = 45ADC6DF29952CFF00AB76AE /* 360DegreePlaygroundUITests.xctest */;
			productType = "com.apple.product-type.bundle.ui-testing";
		};
/* End PBXNativeTarget section */

/* Begin PBXProject section */
		45ADC6B729952CFD00AB76AE /* Project object */ = {
			isa = PBXProject;
			attributes = {
				BuildIndependentTargetsInParallel = 1;
				LastSwiftUpdateCheck = 1420;
				LastUpgradeCheck = 1420;
				TargetAttributes = {
					45ADC6BE29952CFD00AB76AE = {
						CreatedOnToolsVersion = 14.2;
					};
					45ADC6D429952CFF00AB76AE = {
						CreatedOnToolsVersion = 14.2;
						TestTargetID = 45ADC6BE29952CFD00AB76AE;
					};
					45ADC6DE29952CFF00AB76AE = {
						CreatedOnToolsVersion = 14.2;
						TestTargetID = 45ADC6BE29952CFD00AB76AE;
					};
				};
			};
			buildConfigurationList = 45ADC6BA29952CFD00AB76AE /* Build configuration list for PBXProject "360DegreePlayground" */;
			compatibilityVersion = "Xcode 14.0";
			developmentRegion = en;
			hasScannedForEncodings = 0;
			knownRegions = (
				en,
				Base,
			);
			mainGroup = 45ADC6B629952CFD00AB76AE;
			productRefGroup = 45ADC6C029952CFD00AB76AE /* Products */;
			projectDirPath = "";
			projectRoot = "";
			targets = (
				45ADC6BE29952CFD00AB76AE /* 360DegreePlayground */,
				45ADC6D429952CFF00AB76AE /* 360DegreePlaygroundTests */,
				45ADC6DE29952CFF00AB76AE /* 360DegreePlaygroundUITests */,
			);
		};
/* End PBXProject section */

/* Begin PBXResourcesBuildPhase section */
		45ADC6BD29952CFD00AB76AE /* Resources */ = {
			isa = PBXResourcesBuildPhase;
			buildActionMask = 2147483647;
			files = (
				45ADC6CF29952CFF00AB76AE /* LaunchScreen.storyboard in Resources */,
				45ADC6CC29952CFF00AB76AE /* Assets.xcassets in Resources */,
				45ADC6CA29952CFD00AB76AE /* Main.storyboard in Resources */,
			);
			runOnlyForDeploymentPostprocessing = 0;
		};
		45ADC6D329952CFF00AB76AE /* Resources */ = {
			isa = PBXResourcesBuildPhase;
			buildActionMask = 2147483647;
			files = (
			);
			runOnlyForDeploymentPostprocessing = 0;
		};
		45ADC6DD29952CFF00AB76AE /* Resources */ = {
			isa = PBXResourcesBuildPhase;
			buildActionMask = 2147483647;
			files = (
			);
			runOnlyForDeploymentPostprocessing = 0;
		};
/* End PBXResourcesBuildPhase section */

/* Begin PBXSourcesBuildPhase section */
		45ADC6BB29952CFD00AB76AE /* Sources */ = {
			isa = PBXSourcesBuildPhase;
			buildActionMask = 2147483647;
			files = (
				45A8A7ED2996819400524186 /* Picture.swift in Sources */,
				45ADC6C729952CFD00AB76AE /* ViewController.swift in Sources */,
				45B238BA29C3446B00378D7C /* DataPicture.swift in Sources */,
				45ADC6C329952CFD00AB76AE /* AppDelegate.swift in Sources */,
				45ADC6C529952CFD00AB76AE /* SceneDelegate.swift in Sources */,
				455C2A1429AF91F000AB94A4 /* Room.swift in Sources */,
				4554760B29B7749600BFDB7D /* cameraViewControl.swift in Sources */,
				45AA5E6F29C1F42B00F69849 /* Core Data.xcdatamodeld in Sources */,
			);
			runOnlyForDeploymentPostprocessing = 0;
		};
		45ADC6D129952CFF00AB76AE /* Sources */ = {
			isa = PBXSourcesBuildPhase;
			buildActionMask = 2147483647;
			files = (
				45ADC6DA29952CFF00AB76AE /* _60DegreePlaygroundTests.swift in Sources */,
			);
			runOnlyForDeploymentPostprocessing = 0;
		};
		45ADC6DB29952CFF00AB76AE /* Sources */ = {
			isa = PBXSourcesBuildPhase;
			buildActionMask = 2147483647;
			files = (
				45ADC6E429952CFF00AB76AE /* _60DegreePlaygroundUITests.swift in Sources */,
				45ADC6E629952CFF00AB76AE /* _60DegreePlaygroundUITestsLaunchTests.swift in Sources */,
			);
			runOnlyForDeploymentPostprocessing = 0;
		};
/* End PBXSourcesBuildPhase section */

/* Begin PBXTargetDependency section */
		45ADC6D729952CFF00AB76AE /* PBXTargetDependency */ = {
			isa = PBXTargetDependency;
			target = 45ADC6BE29952CFD00AB76AE /* 360DegreePlayground */;
			targetProxy = 45ADC6D629952CFF00AB76AE /* PBXContainerItemProxy */;
		};
		45ADC6E129952CFF00AB76AE /* PBXTargetDependency */ = {
			isa = PBXTargetDependency;
			target = 45ADC6BE29952CFD00AB76AE /* 360DegreePlayground */;
			targetProxy = 45ADC6E029952CFF00AB76AE /* PBXContainerItemProxy */;
		};
/* End PBXTargetDependency section */

/* Begin PBXVariantGroup section */
		45ADC6C829952CFD00AB76AE /* Main.storyboard */ = {
			isa = PBXVariantGroup;
			children = (
				45ADC6C929952CFD00AB76AE /* Base */,
			);
			name = Main.storyboard;
			sourceTree = "<group>";
		};
		45ADC6CD29952CFF00AB76AE /* LaunchScreen.storyboard */ = {
			isa = PBXVariantGroup;
			children = (
				45ADC6CE29952CFF00AB76AE /* Base */,
			);
			name = LaunchScreen.storyboard;
			sourceTree = "<group>";
		};
/* End PBXVariantGroup section */

/* Begin XCBuildConfiguration section */
		45ADC6E729952CFF00AB76AE /* Debug */ = {
			isa = XCBuildConfiguration;
			buildSettings = {
				ALWAYS_SEARCH_USER_PATHS = NO;
				CLANG_ANALYZER_NONNULL = YES;
				CLANG_ANALYZER_NUMBER_OBJECT_CONVERSION = YES_AGGRESSIVE;
				CLANG_CXX_LANGUAGE_STANDARD = "gnu++20";
				CLANG_ENABLE_MODULES = YES;
				CLANG_ENABLE_OBJC_ARC = YES;
				CLANG_ENABLE_OBJC_WEAK = YES;
				CLANG_WARN_BLOCK_CAPTURE_AUTORELEASING = YES;
				CLANG_WARN_BOOL_CONVERSION = YES;
				CLANG_WARN_COMMA = YES;
				CLANG_WARN_CONSTANT_CONVERSION = YES;
				CLANG_WARN_DEPRECATED_OBJC_IMPLEMENTATIONS = YES;
				CLANG_WARN_DIRECT_OBJC_ISA_USAGE = YES_ERROR;
				CLANG_WARN_DOCUMENTATION_COMMENTS = YES;
				CLANG_WARN_EMPTY_BODY = YES;
				CLANG_WARN_ENUM_CONVERSION = YES;
				CLANG_WARN_INFINITE_RECURSION = YES;
				CLANG_WARN_INT_CONVERSION = YES;
				CLANG_WARN_NON_LITERAL_NULL_CONVERSION = YES;
				CLANG_WARN_OBJC_IMPLICIT_RETAIN_SELF = YES;
				CLANG_WARN_OBJC_LITERAL_CONVERSION = YES;
				CLANG_WARN_OBJC_ROOT_CLASS = YES_ERROR;
				CLANG_WARN_QUOTED_INCLUDE_IN_FRAMEWORK_HEADER = YES;
				CLANG_WARN_RANGE_LOOP_ANALYSIS = YES;
				CLANG_WARN_STRICT_PROTOTYPES = YES;
				CLANG_WARN_SUSPICIOUS_MOVE = YES;
				CLANG_WARN_UNGUARDED_AVAILABILITY = YES_AGGRESSIVE;
				CLANG_WARN_UNREACHABLE_CODE = YES;
				CLANG_WARN__DUPLICATE_METHOD_MATCH = YES;
				COPY_PHASE_STRIP = NO;
				DEBUG_INFORMATION_FORMAT = dwarf;
				ENABLE_STRICT_OBJC_MSGSEND = YES;
				ENABLE_TESTABILITY = YES;
				GCC_C_LANGUAGE_STANDARD = gnu11;
				GCC_DYNAMIC_NO_PIC = NO;
				GCC_NO_COMMON_BLOCKS = YES;
				GCC_OPTIMIZATION_LEVEL = 0;
				GCC_PREPROCESSOR_DEFINITIONS = (
					"DEBUG=1",
					"$(inherited)",
				);
				GCC_WARN_64_TO_32_BIT_CONVERSION = YES;
				GCC_WARN_ABOUT_RETURN_TYPE = YES_ERROR;
				GCC_WARN_UNDECLARED_SELECTOR = YES;
				GCC_WARN_UNINITIALIZED_AUTOS = YES_AGGRESSIVE;
				GCC_WARN_UNUSED_FUNCTION = YES;
				GCC_WARN_UNUSED_VARIABLE = YES;
				IPHONEOS_DEPLOYMENT_TARGET = 16.2;
				MTL_ENABLE_DEBUG_INFO = INCLUDE_SOURCE;
				MTL_FAST_MATH = YES;
				ONLY_ACTIVE_ARCH = YES;
				SDKROOT = iphoneos;
				SWIFT_ACTIVE_COMPILATION_CONDITIONS = DEBUG;
				SWIFT_OPTIMIZATION_LEVEL = "-Onone";
			};
			name = Debug;
		};
		45ADC6E829952CFF00AB76AE /* Release */ = {
			isa = XCBuildConfiguration;
			buildSettings = {
				ALWAYS_SEARCH_USER_PATHS = NO;
				CLANG_ANALYZER_NONNULL = YES;
				CLANG_ANALYZER_NUMBER_OBJECT_CONVERSION = YES_AGGRESSIVE;
				CLANG_CXX_LANGUAGE_STANDARD = "gnu++20";
				CLANG_ENABLE_MODULES = YES;
				CLANG_ENABLE_OBJC_ARC = YES;
				CLANG_ENABLE_OBJC_WEAK = YES;
				CLANG_WARN_BLOCK_CAPTURE_AUTORELEASING = YES;
				CLANG_WARN_BOOL_CONVERSION = YES;
				CLANG_WARN_COMMA = YES;
				CLANG_WARN_CONSTANT_CONVERSION = YES;
				CLANG_WARN_DEPRECATED_OBJC_IMPLEMENTATIONS = YES;
				CLANG_WARN_DIRECT_OBJC_ISA_USAGE = YES_ERROR;
				CLANG_WARN_DOCUMENTATION_COMMENTS = YES;
				CLANG_WARN_EMPTY_BODY = YES;
				CLANG_WARN_ENUM_CONVERSION = YES;
				CLANG_WARN_INFINITE_RECURSION = YES;
				CLANG_WARN_INT_CONVERSION = YES;
				CLANG_WARN_NON_LITERAL_NULL_CONVERSION = YES;
				CLANG_WARN_OBJC_IMPLICIT_RETAIN_SELF = YES;
				CLANG_WARN_OBJC_LITERAL_CONVERSION = YES;
				CLANG_WARN_OBJC_ROOT_CLASS = YES_ERROR;
				CLANG_WARN_QUOTED_INCLUDE_IN_FRAMEWORK_HEADER = YES;
				CLANG_WARN_RANGE_LOOP_ANALYSIS = YES;
				CLANG_WARN_STRICT_PROTOTYPES = YES;
				CLANG_WARN_SUSPICIOUS_MOVE = YES;
				CLANG_WARN_UNGUARDED_AVAILABILITY = YES_AGGRESSIVE;
				CLANG_WARN_UNREACHABLE_CODE = YES;
				CLANG_WARN__DUPLICATE_METHOD_MATCH = YES;
				COPY_PHASE_STRIP = NO;
				DEBUG_INFORMATION_FORMAT = "dwarf-with-dsym";
				ENABLE_NS_ASSERTIONS = NO;
				ENABLE_STRICT_OBJC_MSGSEND = YES;
				GCC_C_LANGUAGE_STANDARD = gnu11;
				GCC_NO_COMMON_BLOCKS = YES;
				GCC_WARN_64_TO_32_BIT_CONVERSION = YES;
				GCC_WARN_ABOUT_RETURN_TYPE = YES_ERROR;
				GCC_WARN_UNDECLARED_SELECTOR = YES;
				GCC_WARN_UNINITIALIZED_AUTOS = YES_AGGRESSIVE;
				GCC_WARN_UNUSED_FUNCTION = YES;
				GCC_WARN_UNUSED_VARIABLE = YES;
				IPHONEOS_DEPLOYMENT_TARGET = 16.2;
				MTL_ENABLE_DEBUG_INFO = NO;
				MTL_FAST_MATH = YES;
				SDKROOT = iphoneos;
				SWIFT_COMPILATION_MODE = wholemodule;
				SWIFT_OPTIMIZATION_LEVEL = "-O";
				VALIDATE_PRODUCT = YES;
			};
			name = Release;
		};
		45ADC6EA29952CFF00AB76AE /* Debug */ = {
			isa = XCBuildConfiguration;
			buildSettings = {
				ASSETCATALOG_COMPILER_APPICON_NAME = AppIcon;
				ASSETCATALOG_COMPILER_GLOBAL_ACCENT_COLOR_NAME = AccentColor;
				CODE_SIGN_STYLE = Automatic;
				CURRENT_PROJECT_VERSION = 1;
				DEVELOPMENT_TEAM = WYB643GNM9;
				GENERATE_INFOPLIST_FILE = YES;
				INFOPLIST_FILE = 360DegreePlayground/Info.plist;
				INFOPLIST_KEY_UIApplicationSupportsIndirectInputEvents = YES;
				INFOPLIST_KEY_UILaunchStoryboardName = LaunchScreen;
				INFOPLIST_KEY_UIMainStoryboardFile = Main;
				INFOPLIST_KEY_UISupportedInterfaceOrientations_iPad = "UIInterfaceOrientationPortrait UIInterfaceOrientationPortraitUpsideDown UIInterfaceOrientationLandscapeLeft UIInterfaceOrientationLandscapeRight";
				INFOPLIST_KEY_UISupportedInterfaceOrientations_iPhone = "UIInterfaceOrientationPortrait UIInterfaceOrientationLandscapeLeft UIInterfaceOrientationLandscapeRight";
				LD_RUNPATH_SEARCH_PATHS = (
					"$(inherited)",
					"@executable_path/Frameworks",
				);
				MARKETING_VERSION = 1.0;
				PRODUCT_BUNDLE_IDENTIFIER = "CLC.-60DegreePlayground";
				PRODUCT_NAME = "$(TARGET_NAME)";
				SWIFT_EMIT_LOC_STRINGS = YES;
				SWIFT_VERSION = 5.0;
				TARGETED_DEVICE_FAMILY = "1,2";
			};
			name = Debug;
		};
		45ADC6EB29952CFF00AB76AE /* Release */ = {
			isa = XCBuildConfiguration;
			buildSettings = {
				ASSETCATALOG_COMPILER_APPICON_NAME = AppIcon;
				ASSETCATALOG_COMPILER_GLOBAL_ACCENT_COLOR_NAME = AccentColor;
				CODE_SIGN_STYLE = Automatic;
				CURRENT_PROJECT_VERSION = 1;
				DEVELOPMENT_TEAM = WYB643GNM9;
				GENERATE_INFOPLIST_FILE = YES;
				INFOPLIST_FILE = 360DegreePlayground/Info.plist;
				INFOPLIST_KEY_UIApplicationSupportsIndirectInputEvents = YES;
				INFOPLIST_KEY_UILaunchStoryboardName = LaunchScreen;
				INFOPLIST_KEY_UIMainStoryboardFile = Main;
				INFOPLIST_KEY_UISupportedInterfaceOrientations_iPad = "UIInterfaceOrientationPortrait UIInterfaceOrientationPortraitUpsideDown UIInterfaceOrientationLandscapeLeft UIInterfaceOrientationLandscapeRight";
				INFOPLIST_KEY_UISupportedInterfaceOrientations_iPhone = "UIInterfaceOrientationPortrait UIInterfaceOrientationLandscapeLeft UIInterfaceOrientationLandscapeRight";
				LD_RUNPATH_SEARCH_PATHS = (
					"$(inherited)",
					"@executable_path/Frameworks",
				);
				MARKETING_VERSION = 1.0;
				PRODUCT_BUNDLE_IDENTIFIER = "CLC.-60DegreePlayground";
				PRODUCT_NAME = "$(TARGET_NAME)";
				SWIFT_EMIT_LOC_STRINGS = YES;
				SWIFT_VERSION = 5.0;
				TARGETED_DEVICE_FAMILY = "1,2";
			};
			name = Release;
		};
		45ADC6ED29952CFF00AB76AE /* Debug */ = {
			isa = XCBuildConfiguration;
			buildSettings = {
				ALWAYS_EMBED_SWIFT_STANDARD_LIBRARIES = YES;
				BUNDLE_LOADER = "$(TEST_HOST)";
				CODE_SIGN_STYLE = Automatic;
				CURRENT_PROJECT_VERSION = 1;
				DEVELOPMENT_TEAM = WYB643GNM9;
				GENERATE_INFOPLIST_FILE = YES;
				IPHONEOS_DEPLOYMENT_TARGET = 16.2;
				MARKETING_VERSION = 1.0;
				PRODUCT_BUNDLE_IDENTIFIER = "CLC.-60DegreePlaygroundTests";
				PRODUCT_NAME = "$(TARGET_NAME)";
				SWIFT_EMIT_LOC_STRINGS = NO;
				SWIFT_VERSION = 5.0;
				TARGETED_DEVICE_FAMILY = "1,2";
				TEST_HOST = "$(BUILT_PRODUCTS_DIR)/360DegreePlayground.app/$(BUNDLE_EXECUTABLE_FOLDER_PATH)/360DegreePlayground";
			};
			name = Debug;
		};
		45ADC6EE29952CFF00AB76AE /* Release */ = {
			isa = XCBuildConfiguration;
			buildSettings = {
				ALWAYS_EMBED_SWIFT_STANDARD_LIBRARIES = YES;
				BUNDLE_LOADER = "$(TEST_HOST)";
				CODE_SIGN_STYLE = Automatic;
				CURRENT_PROJECT_VERSION = 1;
				DEVELOPMENT_TEAM = WYB643GNM9;
				GENERATE_INFOPLIST_FILE = YES;
				IPHONEOS_DEPLOYMENT_TARGET = 16.2;
				MARKETING_VERSION = 1.0;
				PRODUCT_BUNDLE_IDENTIFIER = "CLC.-60DegreePlaygroundTests";
				PRODUCT_NAME = "$(TARGET_NAME)";
				SWIFT_EMIT_LOC_STRINGS = NO;
				SWIFT_VERSION = 5.0;
				TARGETED_DEVICE_FAMILY = "1,2";
				TEST_HOST = "$(BUILT_PRODUCTS_DIR)/360DegreePlayground.app/$(BUNDLE_EXECUTABLE_FOLDER_PATH)/360DegreePlayground";
			};
			name = Release;
		};
		45ADC6F029952CFF00AB76AE /* Debug */ = {
			isa = XCBuildConfiguration;
			buildSettings = {
				ALWAYS_EMBED_SWIFT_STANDARD_LIBRARIES = YES;
				CODE_SIGN_STYLE = Automatic;
				CURRENT_PROJECT_VERSION = 1;
				DEVELOPMENT_TEAM = WYB643GNM9;
				GENERATE_INFOPLIST_FILE = YES;
				MARKETING_VERSION = 1.0;
				PRODUCT_BUNDLE_IDENTIFIER = "CLC.-60DegreePlaygroundUITests";
				PRODUCT_NAME = "$(TARGET_NAME)";
				SWIFT_EMIT_LOC_STRINGS = NO;
				SWIFT_VERSION = 5.0;
				TARGETED_DEVICE_FAMILY = "1,2";
				TEST_TARGET_NAME = 360DegreePlayground;
			};
			name = Debug;
		};
		45ADC6F129952CFF00AB76AE /* Release */ = {
			isa = XCBuildConfiguration;
			buildSettings = {
				ALWAYS_EMBED_SWIFT_STANDARD_LIBRARIES = YES;
				CODE_SIGN_STYLE = Automatic;
				CURRENT_PROJECT_VERSION = 1;
				DEVELOPMENT_TEAM = WYB643GNM9;
				GENERATE_INFOPLIST_FILE = YES;
				MARKETING_VERSION = 1.0;
				PRODUCT_BUNDLE_IDENTIFIER = "CLC.-60DegreePlaygroundUITests";
				PRODUCT_NAME = "$(TARGET_NAME)";
				SWIFT_EMIT_LOC_STRINGS = NO;
				SWIFT_VERSION = 5.0;
				TARGETED_DEVICE_FAMILY = "1,2";
				TEST_TARGET_NAME = 360DegreePlayground;
			};
			name = Release;
		};
/* End XCBuildConfiguration section */

/* Begin XCConfigurationList section */
		45ADC6BA29952CFD00AB76AE /* Build configuration list for PBXProject "360DegreePlayground" */ = {
			isa = XCConfigurationList;
			buildConfigurations = (
				45ADC6E729952CFF00AB76AE /* Debug */,
				45ADC6E829952CFF00AB76AE /* Release */,
			);
			defaultConfigurationIsVisible = 0;
			defaultConfigurationName = Release;
		};
		45ADC6E929952CFF00AB76AE /* Build configuration list for PBXNativeTarget "360DegreePlayground" */ = {
			isa = XCConfigurationList;
			buildConfigurations = (
				45ADC6EA29952CFF00AB76AE /* Debug */,
				45ADC6EB29952CFF00AB76AE /* Release */,
			);
			defaultConfigurationIsVisible = 0;
			defaultConfigurationName = Release;
		};
		45ADC6EC29952CFF00AB76AE /* Build configuration list for PBXNativeTarget "360DegreePlaygroundTests" */ = {
			isa = XCConfigurationList;
			buildConfigurations = (
				45ADC6ED29952CFF00AB76AE /* Debug */,
				45ADC6EE29952CFF00AB76AE /* Release */,
			);
			defaultConfigurationIsVisible = 0;
			defaultConfigurationName = Release;
		};
		45ADC6EF29952CFF00AB76AE /* Build configuration list for PBXNativeTarget "360DegreePlaygroundUITests" */ = {
			isa = XCConfigurationList;
			buildConfigurations = (
				45ADC6F029952CFF00AB76AE /* Debug */,
				45ADC6F129952CFF00AB76AE /* Release */,
			);
			defaultConfigurationIsVisible = 0;
			defaultConfigurationName = Release;
		};
/* End XCConfigurationList section */

/* Begin XCVersionGroup section */
		45AA5E6D29C1F42B00F69849 /* Core Data.xcdatamodeld */ = {
			isa = XCVersionGroup;
			children = (
				45AA5E6E29C1F42B00F69849 /* Core Data.xcdatamodel */,
			);
			currentVersion = 45AA5E6E29C1F42B00F69849 /* Core Data.xcdatamodel */;
			path = "Core Data.xcdatamodeld";
			sourceTree = "<group>";
			versionGroupType = wrapper.xcdatamodel;
		};
/* End XCVersionGroup section */
	};
	rootObject = 45ADC6B729952CFD00AB76AE /* Project object */;
}
